// !$*UTF8*$!
{
	archiveVersion = 1;
	classes = {
	};
	objectVersion = 50;
	objects = {

/* Begin PBXBuildFile section */
		E05D10DA258CFFB80079AD44 /* LandmarksApp.swift in Sources */ = {isa = PBXBuildFile; fileRef = E05D10D9258CFFB80079AD44 /* LandmarksApp.swift */; };
		E05D10DC258CFFB80079AD44 /* ContentView.swift in Sources */ = {isa = PBXBuildFile; fileRef = E05D10DB258CFFB80079AD44 /* ContentView.swift */; };
		E05D10DE258CFFB80079AD44 /* Assets.xcassets in Resources */ = {isa = PBXBuildFile; fileRef = E05D10DD258CFFB80079AD44 /* Assets.xcassets */; };
		E05D10E1258CFFB80079AD44 /* Preview Assets.xcassets in Resources */ = {isa = PBXBuildFile; fileRef = E05D10E0258CFFB80079AD44 /* Preview Assets.xcassets */; };
		E05D10EC258CFFB90079AD44 /* LandmarksTests.swift in Sources */ = {isa = PBXBuildFile; fileRef = E05D10EB258CFFB90079AD44 /* LandmarksTests.swift */; };
		E05D10F7258CFFB90079AD44 /* LandmarksUITests.swift in Sources */ = {isa = PBXBuildFile; fileRef = E05D10F6258CFFB90079AD44 /* LandmarksUITests.swift */; };
		E05D1109258D1C610079AD44 /* CircleImage.swift in Sources */ = {isa = PBXBuildFile; fileRef = E05D1108258D1C610079AD44 /* CircleImage.swift */; };
		E05D110E258D1DBE0079AD44 /* MapView.swift in Sources */ = {isa = PBXBuildFile; fileRef = E05D110D258D1DBE0079AD44 /* MapView.swift */; };
		E05D1113258DE6D10079AD44 /* landmarkData.json in Resources */ = {isa = PBXBuildFile; fileRef = E05D1112258DE6D10079AD44 /* landmarkData.json */; };
		E05D1118258DE6EF0079AD44 /* Landmark.swift in Sources */ = {isa = PBXBuildFile; fileRef = E05D1117258DE6EF0079AD44 /* Landmark.swift */; };
		E05D111D258DE8220079AD44 /* ModelData.swift in Sources */ = {isa = PBXBuildFile; fileRef = E05D111C258DE8220079AD44 /* ModelData.swift */; };
		E05D1128258DE9CB0079AD44 /* LandmarkRow.swift in Sources */ = {isa = PBXBuildFile; fileRef = E05D1127258DE9CB0079AD44 /* LandmarkRow.swift */; };
		E05D112D258DEAF80079AD44 /* LandmarkList.swift in Sources */ = {isa = PBXBuildFile; fileRef = E05D112C258DEAF80079AD44 /* LandmarkList.swift */; };
		E05D1132258DEBD80079AD44 /* LandmarkDetail.swift in Sources */ = {isa = PBXBuildFile; fileRef = E05D1131258DEBD80079AD44 /* LandmarkDetail.swift */; };
		E05D1137258DF6900079AD44 /* FavoriteButton.swift in Sources */ = {isa = PBXBuildFile; fileRef = E05D1136258DF6900079AD44 /* FavoriteButton.swift */; };
		E05D1141258E14A30079AD44 /* HexagonParameters.swift in Sources */ = {isa = PBXBuildFile; fileRef = E05D1140258E14A20079AD44 /* HexagonParameters.swift */; };
		E05D1146258E15E10079AD44 /* BadgeBackground.swift in Sources */ = {isa = PBXBuildFile; fileRef = E05D1145258E15E10079AD44 /* BadgeBackground.swift */; };
		E05D114B258E1A3C0079AD44 /* BadgeSymbol.swift in Sources */ = {isa = PBXBuildFile; fileRef = E05D114A258E1A3C0079AD44 /* BadgeSymbol.swift */; };
		E05D1150258E1C720079AD44 /* RotatedBadgeSymbol.swift in Sources */ = {isa = PBXBuildFile; fileRef = E05D114F258E1C720079AD44 /* RotatedBadgeSymbol.swift */; };
		E05D1155258E1CC80079AD44 /* Badge.swift in Sources */ = {isa = PBXBuildFile; fileRef = E05D1154258E1CC80079AD44 /* Badge.swift */; };
		E05D115B258E20800079AD44 /* hikeData.json in Resources */ = {isa = PBXBuildFile; fileRef = E05D115A258E20800079AD44 /* hikeData.json */; };
		E05D1160258E20A40079AD44 /* Hike.swift in Sources */ = {isa = PBXBuildFile; fileRef = E05D115F258E20A40079AD44 /* Hike.swift */; };
		E05D1169258E219E0079AD44 /* GraphCapsule.swift in Sources */ = {isa = PBXBuildFile; fileRef = E05D1165258E219E0079AD44 /* GraphCapsule.swift */; };
		E05D116A258E219E0079AD44 /* HikeGraph.swift in Sources */ = {isa = PBXBuildFile; fileRef = E05D1166258E219E0079AD44 /* HikeGraph.swift */; };
		E05D116B258E219E0079AD44 /* HikeDetail.swift in Sources */ = {isa = PBXBuildFile; fileRef = E05D1167258E219E0079AD44 /* HikeDetail.swift */; };
		E05D116C258E219E0079AD44 /* HikeView.swift in Sources */ = {isa = PBXBuildFile; fileRef = E05D1168258E219E0079AD44 /* HikeView.swift */; };
/* End PBXBuildFile section */

/* Begin PBXContainerItemProxy section */
		E05D10E8258CFFB80079AD44 /* PBXContainerItemProxy */ = {
			isa = PBXContainerItemProxy;
			containerPortal = E05D10CE258CFFB70079AD44 /* Project object */;
			proxyType = 1;
			remoteGlobalIDString = E05D10D5258CFFB80079AD44;
			remoteInfo = Landmarks;
		};
		E05D10F3258CFFB90079AD44 /* PBXContainerItemProxy */ = {
			isa = PBXContainerItemProxy;
			containerPortal = E05D10CE258CFFB70079AD44 /* Project object */;
			proxyType = 1;
			remoteGlobalIDString = E05D10D5258CFFB80079AD44;
			remoteInfo = Landmarks;
		};
/* End PBXContainerItemProxy section */

/* Begin PBXFileReference section */
		E05D10D6258CFFB80079AD44 /* Landmarks.app */ = {isa = PBXFileReference; explicitFileType = wrapper.application; includeInIndex = 0; path = Landmarks.app; sourceTree = BUILT_PRODUCTS_DIR; };
		E05D10D9258CFFB80079AD44 /* LandmarksApp.swift */ = {isa = PBXFileReference; lastKnownFileType = sourcecode.swift; path = LandmarksApp.swift; sourceTree = "<group>"; };
		E05D10DB258CFFB80079AD44 /* ContentView.swift */ = {isa = PBXFileReference; lastKnownFileType = sourcecode.swift; path = ContentView.swift; sourceTree = "<group>"; };
		E05D10DD258CFFB80079AD44 /* Assets.xcassets */ = {isa = PBXFileReference; lastKnownFileType = folder.assetcatalog; path = Assets.xcassets; sourceTree = "<group>"; };
		E05D10E0258CFFB80079AD44 /* Preview Assets.xcassets */ = {isa = PBXFileReference; lastKnownFileType = folder.assetcatalog; path = "Preview Assets.xcassets"; sourceTree = "<group>"; };
		E05D10E2258CFFB80079AD44 /* Info.plist */ = {isa = PBXFileReference; lastKnownFileType = text.plist.xml; path = Info.plist; sourceTree = "<group>"; };
		E05D10E7258CFFB80079AD44 /* LandmarksTests.xctest */ = {isa = PBXFileReference; explicitFileType = wrapper.cfbundle; includeInIndex = 0; path = LandmarksTests.xctest; sourceTree = BUILT_PRODUCTS_DIR; };
		E05D10EB258CFFB90079AD44 /* LandmarksTests.swift */ = {isa = PBXFileReference; lastKnownFileType = sourcecode.swift; path = LandmarksTests.swift; sourceTree = "<group>"; };
		E05D10ED258CFFB90079AD44 /* Info.plist */ = {isa = PBXFileReference; lastKnownFileType = text.plist.xml; path = Info.plist; sourceTree = "<group>"; };
		E05D10F2258CFFB90079AD44 /* LandmarksUITests.xctest */ = {isa = PBXFileReference; explicitFileType = wrapper.cfbundle; includeInIndex = 0; path = LandmarksUITests.xctest; sourceTree = BUILT_PRODUCTS_DIR; };
		E05D10F6258CFFB90079AD44 /* LandmarksUITests.swift */ = {isa = PBXFileReference; lastKnownFileType = sourcecode.swift; path = LandmarksUITests.swift; sourceTree = "<group>"; };
		E05D10F8258CFFB90079AD44 /* Info.plist */ = {isa = PBXFileReference; lastKnownFileType = text.plist.xml; path = Info.plist; sourceTree = "<group>"; };
		E05D1108258D1C610079AD44 /* CircleImage.swift */ = {isa = PBXFileReference; lastKnownFileType = sourcecode.swift; path = CircleImage.swift; sourceTree = "<group>"; };
		E05D110D258D1DBE0079AD44 /* MapView.swift */ = {isa = PBXFileReference; lastKnownFileType = sourcecode.swift; path = MapView.swift; sourceTree = "<group>"; };
		E05D1112258DE6D10079AD44 /* landmarkData.json */ = {isa = PBXFileReference; fileEncoding = 4; lastKnownFileType = text.json; path = landmarkData.json; sourceTree = "<group>"; };
		E05D1117258DE6EF0079AD44 /* Landmark.swift */ = {isa = PBXFileReference; lastKnownFileType = sourcecode.swift; path = Landmark.swift; sourceTree = "<group>"; };
		E05D111C258DE8220079AD44 /* ModelData.swift */ = {isa = PBXFileReference; lastKnownFileType = sourcecode.swift; path = ModelData.swift; sourceTree = "<group>"; };
		E05D1127258DE9CB0079AD44 /* LandmarkRow.swift */ = {isa = PBXFileReference; lastKnownFileType = sourcecode.swift; path = LandmarkRow.swift; sourceTree = "<group>"; };
		E05D112C258DEAF80079AD44 /* LandmarkList.swift */ = {isa = PBXFileReference; lastKnownFileType = sourcecode.swift; path = LandmarkList.swift; sourceTree = "<group>"; };
		E05D1131258DEBD80079AD44 /* LandmarkDetail.swift */ = {isa = PBXFileReference; lastKnownFileType = sourcecode.swift; path = LandmarkDetail.swift; sourceTree = "<group>"; };
		E05D1136258DF6900079AD44 /* FavoriteButton.swift */ = {isa = PBXFileReference; lastKnownFileType = sourcecode.swift; path = FavoriteButton.swift; sourceTree = "<group>"; };
		E05D1140258E14A20079AD44 /* HexagonParameters.swift */ = {isa = PBXFileReference; lastKnownFileType = sourcecode.swift; path = HexagonParameters.swift; sourceTree = "<group>"; };
		E05D1145258E15E10079AD44 /* BadgeBackground.swift */ = {isa = PBXFileReference; lastKnownFileType = sourcecode.swift; path = BadgeBackground.swift; sourceTree = "<group>"; };
		E05D114A258E1A3C0079AD44 /* BadgeSymbol.swift */ = {isa = PBXFileReference; lastKnownFileType = sourcecode.swift; path = BadgeSymbol.swift; sourceTree = "<group>"; };
		E05D114F258E1C720079AD44 /* RotatedBadgeSymbol.swift */ = {isa = PBXFileReference; lastKnownFileType = sourcecode.swift; path = RotatedBadgeSymbol.swift; sourceTree = "<group>"; };
		E05D1154258E1CC80079AD44 /* Badge.swift */ = {isa = PBXFileReference; lastKnownFileType = sourcecode.swift; path = Badge.swift; sourceTree = "<group>"; };
		E05D115A258E20800079AD44 /* hikeData.json */ = {isa = PBXFileReference; fileEncoding = 4; lastKnownFileType = text.json; path = hikeData.json; sourceTree = "<group>"; };
		E05D115F258E20A40079AD44 /* Hike.swift */ = {isa = PBXFileReference; lastKnownFileType = sourcecode.swift; path = Hike.swift; sourceTree = "<group>"; };
		E05D1165258E219E0079AD44 /* GraphCapsule.swift */ = {isa = PBXFileReference; fileEncoding = 4; lastKnownFileType = sourcecode.swift; path = GraphCapsule.swift; sourceTree = "<group>"; };
		E05D1166258E219E0079AD44 /* HikeGraph.swift */ = {isa = PBXFileReference; fileEncoding = 4; lastKnownFileType = sourcecode.swift; path = HikeGraph.swift; sourceTree = "<group>"; };
		E05D1167258E219E0079AD44 /* HikeDetail.swift */ = {isa = PBXFileReference; fileEncoding = 4; lastKnownFileType = sourcecode.swift; path = HikeDetail.swift; sourceTree = "<group>"; };
		E05D1168258E219E0079AD44 /* HikeView.swift */ = {isa = PBXFileReference; fileEncoding = 4; lastKnownFileType = sourcecode.swift; path = HikeView.swift; sourceTree = "<group>"; };
/* End PBXFileReference section */

/* Begin PBXFrameworksBuildPhase section */
		E05D10D3258CFFB80079AD44 /* Frameworks */ = {
			isa = PBXFrameworksBuildPhase;
			buildActionMask = 2147483647;
			files = (
			);
			runOnlyForDeploymentPostprocessing = 0;
		};
		E05D10E4258CFFB80079AD44 /* Frameworks */ = {
			isa = PBXFrameworksBuildPhase;
			buildActionMask = 2147483647;
			files = (
			);
			runOnlyForDeploymentPostprocessing = 0;
		};
		E05D10EF258CFFB90079AD44 /* Frameworks */ = {
			isa = PBXFrameworksBuildPhase;
			buildActionMask = 2147483647;
			files = (
			);
			runOnlyForDeploymentPostprocessing = 0;
		};
/* End PBXFrameworksBuildPhase section */

/* Begin PBXGroup section */
		E05D10CD258CFFB70079AD44 = {
			isa = PBXGroup;
			children = (
				E05D10D8258CFFB80079AD44 /* Landmarks */,
				E05D10EA258CFFB80079AD44 /* LandmarksTests */,
				E05D10F5258CFFB90079AD44 /* LandmarksUITests */,
				E05D10D7258CFFB80079AD44 /* Products */,
			);
			sourceTree = "<group>";
		};
		E05D10D7258CFFB80079AD44 /* Products */ = {
			isa = PBXGroup;
			children = (
				E05D10D6258CFFB80079AD44 /* Landmarks.app */,
				E05D10E7258CFFB80079AD44 /* LandmarksTests.xctest */,
				E05D10F2258CFFB90079AD44 /* LandmarksUITests.xctest */,
			);
			name = Products;
			sourceTree = "<group>";
		};
		E05D10D8258CFFB80079AD44 /* Landmarks */ = {
			isa = PBXGroup;
			children = (
				E05D1123258DE93F0079AD44 /* Resources */,
				E05D1122258DE9390079AD44 /* Model */,
				E05D1121258DE92C0079AD44 /* Views */,
				E05D10DD258CFFB80079AD44 /* Assets.xcassets */,
				E05D10E2258CFFB80079AD44 /* Info.plist */,
				E05D10DF258CFFB80079AD44 /* Preview Content */,
			);
			path = Landmarks;
			sourceTree = "<group>";
		};
		E05D10DF258CFFB80079AD44 /* Preview Content */ = {
			isa = PBXGroup;
			children = (
				E05D10E0258CFFB80079AD44 /* Preview Assets.xcassets */,
			);
			path = "Preview Content";
			sourceTree = "<group>";
		};
		E05D10EA258CFFB80079AD44 /* LandmarksTests */ = {
			isa = PBXGroup;
			children = (
				E05D10EB258CFFB90079AD44 /* LandmarksTests.swift */,
				E05D10ED258CFFB90079AD44 /* Info.plist */,
			);
			path = LandmarksTests;
			sourceTree = "<group>";
		};
		E05D10F5258CFFB90079AD44 /* LandmarksUITests */ = {
			isa = PBXGroup;
			children = (
				E05D10F6258CFFB90079AD44 /* LandmarksUITests.swift */,
				E05D10F8258CFFB90079AD44 /* Info.plist */,
			);
			path = LandmarksUITests;
			sourceTree = "<group>";
		};
		E05D1121258DE92C0079AD44 /* Views */ = {
			isa = PBXGroup;
			children = (
				E05D10DB258CFFB80079AD44 /* ContentView.swift */,
				E05D1164258E219E0079AD44 /* Hikes */,
				E05D1159258E1E520079AD44 /* Badge */,
				E05D113C258DF70D0079AD44 /* Helpers */,
				E05D113B258DF7010079AD44 /* Landmarks */,
			);
			path = Views;
			sourceTree = "<group>";
		};
		E05D1122258DE9390079AD44 /* Model */ = {
			isa = PBXGroup;
			children = (
				E05D1117258DE6EF0079AD44 /* Landmark.swift */,
				E05D111C258DE8220079AD44 /* ModelData.swift */,
				E05D115F258E20A40079AD44 /* Hike.swift */,
			);
			path = Model;
			sourceTree = "<group>";
		};
		E05D1123258DE93F0079AD44 /* Resources */ = {
			isa = PBXGroup;
			children = (
				E05D115A258E20800079AD44 /* hikeData.json */,
				E05D1112258DE6D10079AD44 /* landmarkData.json */,
			);
			path = Resources;
			sourceTree = "<group>";
		};
		E05D113B258DF7010079AD44 /* Landmarks */ = {
			isa = PBXGroup;
			children = (
				E05D10D9258CFFB80079AD44 /* LandmarksApp.swift */,
				E05D1127258DE9CB0079AD44 /* LandmarkRow.swift */,
				E05D1131258DEBD80079AD44 /* LandmarkDetail.swift */,
				E05D112C258DEAF80079AD44 /* LandmarkList.swift */,
			);
			path = Landmarks;
			sourceTree = "<group>";
		};
		E05D113C258DF70D0079AD44 /* Helpers */ = {
			isa = PBXGroup;
			children = (
				E05D110D258D1DBE0079AD44 /* MapView.swift */,
				E05D1136258DF6900079AD44 /* FavoriteButton.swift */,
				E05D1108258D1C610079AD44 /* CircleImage.swift */,
			);
			path = Helpers;
			sourceTree = "<group>";
		};
		E05D1159258E1E520079AD44 /* Badge */ = {
			isa = PBXGroup;
			children = (
				E05D1140258E14A20079AD44 /* HexagonParameters.swift */,
				E05D1145258E15E10079AD44 /* BadgeBackground.swift */,
				E05D114A258E1A3C0079AD44 /* BadgeSymbol.swift */,
				E05D114F258E1C720079AD44 /* RotatedBadgeSymbol.swift */,
				E05D1154258E1CC80079AD44 /* Badge.swift */,
			);
			path = Badge;
			sourceTree = "<group>";
		};
		E05D1164258E219E0079AD44 /* Hikes */ = {
			isa = PBXGroup;
			children = (
				E05D1165258E219E0079AD44 /* GraphCapsule.swift */,
				E05D1166258E219E0079AD44 /* HikeGraph.swift */,
				E05D1167258E219E0079AD44 /* HikeDetail.swift */,
				E05D1168258E219E0079AD44 /* HikeView.swift */,
			);
			path = Hikes;
			sourceTree = "<group>";
		};
/* End PBXGroup section */

/* Begin PBXNativeTarget section */
		E05D10D5258CFFB80079AD44 /* Landmarks */ = {
			isa = PBXNativeTarget;
			buildConfigurationList = E05D10FB258CFFB90079AD44 /* Build configuration list for PBXNativeTarget "Landmarks" */;
			buildPhases = (
				E05D10D2258CFFB80079AD44 /* Sources */,
				E05D10D3258CFFB80079AD44 /* Frameworks */,
				E05D10D4258CFFB80079AD44 /* Resources */,
			);
			buildRules = (
			);
			dependencies = (
			);
			name = Landmarks;
			productName = Landmarks;
			productReference = E05D10D6258CFFB80079AD44 /* Landmarks.app */;
			productType = "com.apple.product-type.application";
		};
		E05D10E6258CFFB80079AD44 /* LandmarksTests */ = {
			isa = PBXNativeTarget;
			buildConfigurationList = E05D10FE258CFFB90079AD44 /* Build configuration list for PBXNativeTarget "LandmarksTests" */;
			buildPhases = (
				E05D10E3258CFFB80079AD44 /* Sources */,
				E05D10E4258CFFB80079AD44 /* Frameworks */,
				E05D10E5258CFFB80079AD44 /* Resources */,
			);
			buildRules = (
			);
			dependencies = (
				E05D10E9258CFFB80079AD44 /* PBXTargetDependency */,
			);
			name = LandmarksTests;
			productName = LandmarksTests;
			productReference = E05D10E7258CFFB80079AD44 /* LandmarksTests.xctest */;
			productType = "com.apple.product-type.bundle.unit-test";
		};
		E05D10F1258CFFB90079AD44 /* LandmarksUITests */ = {
			isa = PBXNativeTarget;
			buildConfigurationList = E05D1101258CFFB90079AD44 /* Build configuration list for PBXNativeTarget "LandmarksUITests" */;
			buildPhases = (
				E05D10EE258CFFB90079AD44 /* Sources */,
				E05D10EF258CFFB90079AD44 /* Frameworks */,
				E05D10F0258CFFB90079AD44 /* Resources */,
			);
			buildRules = (
			);
			dependencies = (
				E05D10F4258CFFB90079AD44 /* PBXTargetDependency */,
			);
			name = LandmarksUITests;
			productName = LandmarksUITests;
			productReference = E05D10F2258CFFB90079AD44 /* LandmarksUITests.xctest */;
			productType = "com.apple.product-type.bundle.ui-testing";
		};
/* End PBXNativeTarget section */

/* Begin PBXProject section */
		E05D10CE258CFFB70079AD44 /* Project object */ = {
			isa = PBXProject;
			attributes = {
				LastSwiftUpdateCheck = 1230;
				LastUpgradeCheck = 1230;
				TargetAttributes = {
					E05D10D5258CFFB80079AD44 = {
						CreatedOnToolsVersion = 12.3;
					};
					E05D10E6258CFFB80079AD44 = {
						CreatedOnToolsVersion = 12.3;
						TestTargetID = E05D10D5258CFFB80079AD44;
					};
					E05D10F1258CFFB90079AD44 = {
						CreatedOnToolsVersion = 12.3;
						TestTargetID = E05D10D5258CFFB80079AD44;
					};
				};
			};
			buildConfigurationList = E05D10D1258CFFB70079AD44 /* Build configuration list for PBXProject "Landmarks" */;
			compatibilityVersion = "Xcode 9.3";
			developmentRegion = en;
			hasScannedForEncodings = 0;
			knownRegions = (
				en,
				Base,
			);
			mainGroup = E05D10CD258CFFB70079AD44;
			productRefGroup = E05D10D7258CFFB80079AD44 /* Products */;
			projectDirPath = "";
			projectRoot = "";
			targets = (
				E05D10D5258CFFB80079AD44 /* Landmarks */,
				E05D10E6258CFFB80079AD44 /* LandmarksTests */,
				E05D10F1258CFFB90079AD44 /* LandmarksUITests */,
			);
		};
/* End PBXProject section */

/* Begin PBXResourcesBuildPhase section */
		E05D10D4258CFFB80079AD44 /* Resources */ = {
			isa = PBXResourcesBuildPhase;
			buildActionMask = 2147483647;
			files = (
				E05D115B258E20800079AD44 /* hikeData.json in Resources */,
				E05D10E1258CFFB80079AD44 /* Preview Assets.xcassets in Resources */,
				E05D10DE258CFFB80079AD44 /* Assets.xcassets in Resources */,
				E05D1113258DE6D10079AD44 /* landmarkData.json in Resources */,
			);
			runOnlyForDeploymentPostprocessing = 0;
		};
		E05D10E5258CFFB80079AD44 /* Resources */ = {
			isa = PBXResourcesBuildPhase;
			buildActionMask = 2147483647;
			files = (
			);
			runOnlyForDeploymentPostprocessing = 0;
		};
		E05D10F0258CFFB90079AD44 /* Resources */ = {
			isa = PBXResourcesBuildPhase;
			buildActionMask = 2147483647;
			files = (
			);
			runOnlyForDeploymentPostprocessing = 0;
		};
/* End PBXResourcesBuildPhase section */

/* Begin PBXSourcesBuildPhase section */
		E05D10D2258CFFB80079AD44 /* Sources */ = {
			isa = PBXSourcesBuildPhase;
			buildActionMask = 2147483647;
			files = (
				E05D10DC258CFFB80079AD44 /* ContentView.swift in Sources */,
				E05D116A258E219E0079AD44 /* HikeGraph.swift in Sources */,
				E05D1155258E1CC80079AD44 /* Badge.swift in Sources */,
				E05D111D258DE8220079AD44 /* ModelData.swift in Sources */,
				E05D1169258E219E0079AD44 /* GraphCapsule.swift in Sources */,
				E05D110E258D1DBE0079AD44 /* MapView.swift in Sources */,
				E05D1137258DF6900079AD44 /* FavoriteButton.swift in Sources */,
				E05D116B258E219E0079AD44 /* HikeDetail.swift in Sources */,
				E05D1141258E14A30079AD44 /* HexagonParameters.swift in Sources */,
				E05D1160258E20A40079AD44 /* Hike.swift in Sources */,
				E05D1150258E1C720079AD44 /* RotatedBadgeSymbol.swift in Sources */,
				E05D114B258E1A3C0079AD44 /* BadgeSymbol.swift in Sources */,
				E05D112D258DEAF80079AD44 /* LandmarkList.swift in Sources */,
				E05D116C258E219E0079AD44 /* HikeView.swift in Sources */,
				E05D1132258DEBD80079AD44 /* LandmarkDetail.swift in Sources */,
				E05D1146258E15E10079AD44 /* BadgeBackground.swift in Sources */,
				E05D10DA258CFFB80079AD44 /* LandmarksApp.swift in Sources */,
				E05D1109258D1C610079AD44 /* CircleImage.swift in Sources */,
				E05D1128258DE9CB0079AD44 /* LandmarkRow.swift in Sources */,
				E05D1118258DE6EF0079AD44 /* Landmark.swift in Sources */,
			);
			runOnlyForDeploymentPostprocessing = 0;
		};
		E05D10E3258CFFB80079AD44 /* Sources */ = {
			isa = PBXSourcesBuildPhase;
			buildActionMask = 2147483647;
			files = (
				E05D10EC258CFFB90079AD44 /* LandmarksTests.swift in Sources */,
			);
			runOnlyForDeploymentPostprocessing = 0;
		};
		E05D10EE258CFFB90079AD44 /* Sources */ = {
			isa = PBXSourcesBuildPhase;
			buildActionMask = 2147483647;
			files = (
				E05D10F7258CFFB90079AD44 /* LandmarksUITests.swift in Sources */,
			);
			runOnlyForDeploymentPostprocessing = 0;
		};
/* End PBXSourcesBuildPhase section */

/* Begin PBXTargetDependency section */
		E05D10E9258CFFB80079AD44 /* PBXTargetDependency */ = {
			isa = PBXTargetDependency;
			target = E05D10D5258CFFB80079AD44 /* Landmarks */;
			targetProxy = E05D10E8258CFFB80079AD44 /* PBXContainerItemProxy */;
		};
		E05D10F4258CFFB90079AD44 /* PBXTargetDependency */ = {
			isa = PBXTargetDependency;
			target = E05D10D5258CFFB80079AD44 /* Landmarks */;
			targetProxy = E05D10F3258CFFB90079AD44 /* PBXContainerItemProxy */;
		};
/* End PBXTargetDependency section */

/* Begin XCBuildConfiguration section */
		E05D10F9258CFFB90079AD44 /* Debug */ = {
			isa = XCBuildConfiguration;
			buildSettings = {
				ALWAYS_SEARCH_USER_PATHS = NO;
				CLANG_ANALYZER_NONNULL = YES;
				CLANG_ANALYZER_NUMBER_OBJECT_CONVERSION = YES_AGGRESSIVE;
				CLANG_CXX_LANGUAGE_STANDARD = "gnu++14";
				CLANG_CXX_LIBRARY = "libc++";
				CLANG_ENABLE_MODULES = YES;
				CLANG_ENABLE_OBJC_ARC = YES;
				CLANG_ENABLE_OBJC_WEAK = YES;
				CLANG_WARN_BLOCK_CAPTURE_AUTORELEASING = YES;
				CLANG_WARN_BOOL_CONVERSION = YES;
				CLANG_WARN_COMMA = YES;
				CLANG_WARN_CONSTANT_CONVERSION = YES;
				CLANG_WARN_DEPRECATED_OBJC_IMPLEMENTATIONS = YES;
				CLANG_WARN_DIRECT_OBJC_ISA_USAGE = YES_ERROR;
				CLANG_WARN_DOCUMENTATION_COMMENTS = YES;
				CLANG_WARN_EMPTY_BODY = YES;
				CLANG_WARN_ENUM_CONVERSION = YES;
				CLANG_WARN_INFINITE_RECURSION = YES;
				CLANG_WARN_INT_CONVERSION = YES;
				CLANG_WARN_NON_LITERAL_NULL_CONVERSION = YES;
				CLANG_WARN_OBJC_IMPLICIT_RETAIN_SELF = YES;
				CLANG_WARN_OBJC_LITERAL_CONVERSION = YES;
				CLANG_WARN_OBJC_ROOT_CLASS = YES_ERROR;
				CLANG_WARN_QUOTED_INCLUDE_IN_FRAMEWORK_HEADER = YES;
				CLANG_WARN_RANGE_LOOP_ANALYSIS = YES;
				CLANG_WARN_STRICT_PROTOTYPES = YES;
				CLANG_WARN_SUSPICIOUS_MOVE = YES;
				CLANG_WARN_UNGUARDED_AVAILABILITY = YES_AGGRESSIVE;
				CLANG_WARN_UNREACHABLE_CODE = YES;
				CLANG_WARN__DUPLICATE_METHOD_MATCH = YES;
				COPY_PHASE_STRIP = NO;
				DEBUG_INFORMATION_FORMAT = dwarf;
				ENABLE_STRICT_OBJC_MSGSEND = YES;
				ENABLE_TESTABILITY = YES;
				GCC_C_LANGUAGE_STANDARD = gnu11;
				GCC_DYNAMIC_NO_PIC = NO;
				GCC_NO_COMMON_BLOCKS = YES;
				GCC_OPTIMIZATION_LEVEL = 0;
				GCC_PREPROCESSOR_DEFINITIONS = (
					"DEBUG=1",
					"$(inherited)",
				);
				GCC_WARN_64_TO_32_BIT_CONVERSION = YES;
				GCC_WARN_ABOUT_RETURN_TYPE = YES_ERROR;
				GCC_WARN_UNDECLARED_SELECTOR = YES;
				GCC_WARN_UNINITIALIZED_AUTOS = YES_AGGRESSIVE;
				GCC_WARN_UNUSED_FUNCTION = YES;
				GCC_WARN_UNUSED_VARIABLE = YES;
				IPHONEOS_DEPLOYMENT_TARGET = 14.3;
				MTL_ENABLE_DEBUG_INFO = INCLUDE_SOURCE;
				MTL_FAST_MATH = YES;
				ONLY_ACTIVE_ARCH = YES;
				SDKROOT = iphoneos;
				SWIFT_ACTIVE_COMPILATION_CONDITIONS = DEBUG;
				SWIFT_OPTIMIZATION_LEVEL = "-Onone";
			};
			name = Debug;
		};
		E05D10FA258CFFB90079AD44 /* Release */ = {
			isa = XCBuildConfiguration;
			buildSettings = {
				ALWAYS_SEARCH_USER_PATHS = NO;
				CLANG_ANALYZER_NONNULL = YES;
				CLANG_ANALYZER_NUMBER_OBJECT_CONVERSION = YES_AGGRESSIVE;
				CLANG_CXX_LANGUAGE_STANDARD = "gnu++14";
				CLANG_CXX_LIBRARY = "libc++";
				CLANG_ENABLE_MODULES = YES;
				CLANG_ENABLE_OBJC_ARC = YES;
				CLANG_ENABLE_OBJC_WEAK = YES;
				CLANG_WARN_BLOCK_CAPTURE_AUTORELEASING = YES;
				CLANG_WARN_BOOL_CONVERSION = YES;
				CLANG_WARN_COMMA = YES;
				CLANG_WARN_CONSTANT_CONVERSION = YES;
				CLANG_WARN_DEPRECATED_OBJC_IMPLEMENTATIONS = YES;
				CLANG_WARN_DIRECT_OBJC_ISA_USAGE = YES_ERROR;
				CLANG_WARN_DOCUMENTATION_COMMENTS = YES;
				CLANG_WARN_EMPTY_BODY = YES;
				CLANG_WARN_ENUM_CONVERSION = YES;
				CLANG_WARN_INFINITE_RECURSION = YES;
				CLANG_WARN_INT_CONVERSION = YES;
				CLANG_WARN_NON_LITERAL_NULL_CONVERSION = YES;
				CLANG_WARN_OBJC_IMPLICIT_RETAIN_SELF = YES;
				CLANG_WARN_OBJC_LITERAL_CONVERSION = YES;
				CLANG_WARN_OBJC_ROOT_CLASS = YES_ERROR;
				CLANG_WARN_QUOTED_INCLUDE_IN_FRAMEWORK_HEADER = YES;
				CLANG_WARN_RANGE_LOOP_ANALYSIS = YES;
				CLANG_WARN_STRICT_PROTOTYPES = YES;
				CLANG_WARN_SUSPICIOUS_MOVE = YES;
				CLANG_WARN_UNGUARDED_AVAILABILITY = YES_AGGRESSIVE;
				CLANG_WARN_UNREACHABLE_CODE = YES;
				CLANG_WARN__DUPLICATE_METHOD_MATCH = YES;
				COPY_PHASE_STRIP = NO;
				DEBUG_INFORMATION_FORMAT = "dwarf-with-dsym";
				ENABLE_NS_ASSERTIONS = NO;
				ENABLE_STRICT_OBJC_MSGSEND = YES;
				GCC_C_LANGUAGE_STANDARD = gnu11;
				GCC_NO_COMMON_BLOCKS = YES;
				GCC_WARN_64_TO_32_BIT_CONVERSION = YES;
				GCC_WARN_ABOUT_RETURN_TYPE = YES_ERROR;
				GCC_WARN_UNDECLARED_SELECTOR = YES;
				GCC_WARN_UNINITIALIZED_AUTOS = YES_AGGRESSIVE;
				GCC_WARN_UNUSED_FUNCTION = YES;
				GCC_WARN_UNUSED_VARIABLE = YES;
				IPHONEOS_DEPLOYMENT_TARGET = 14.3;
				MTL_ENABLE_DEBUG_INFO = NO;
				MTL_FAST_MATH = YES;
				SDKROOT = iphoneos;
				SWIFT_COMPILATION_MODE = wholemodule;
				SWIFT_OPTIMIZATION_LEVEL = "-O";
				VALIDATE_PRODUCT = YES;
			};
			name = Release;
		};
		E05D10FC258CFFB90079AD44 /* Debug */ = {
			isa = XCBuildConfiguration;
			buildSettings = {
				ASSETCATALOG_COMPILER_APPICON_NAME = AppIcon;
				ASSETCATALOG_COMPILER_GLOBAL_ACCENT_COLOR_NAME = AccentColor;
				CODE_SIGN_STYLE = Automatic;
				DEVELOPMENT_ASSET_PATHS = "\"Landmarks/Preview Content\"";
				DEVELOPMENT_TEAM = D6XWMP8YUR;
				ENABLE_PREVIEWS = YES;
				INFOPLIST_FILE = Landmarks/Info.plist;
				IPHONEOS_DEPLOYMENT_TARGET = 14.0;
				LD_RUNPATH_SEARCH_PATHS = (
					"$(inherited)",
					"@executable_path/Frameworks",
				);
				PRODUCT_BUNDLE_IDENTIFIER = LSWarss.Landmarks;
				PRODUCT_NAME = "$(TARGET_NAME)";
				SWIFT_VERSION = 5.0;
				TARGETED_DEVICE_FAMILY = "1,2";
			};
			name = Debug;
		};
		E05D10FD258CFFB90079AD44 /* Release */ = {
			isa = XCBuildConfiguration;
			buildSettings = {
				ASSETCATALOG_COMPILER_APPICON_NAME = AppIcon;
				ASSETCATALOG_COMPILER_GLOBAL_ACCENT_COLOR_NAME = AccentColor;
				CODE_SIGN_STYLE = Automatic;
				DEVELOPMENT_ASSET_PATHS = "\"Landmarks/Preview Content\"";
				DEVELOPMENT_TEAM = D6XWMP8YUR;
				ENABLE_PREVIEWS = YES;
				INFOPLIST_FILE = Landmarks/Info.plist;
				IPHONEOS_DEPLOYMENT_TARGET = 14.0;
				LD_RUNPATH_SEARCH_PATHS = (
					"$(inherited)",
					"@executable_path/Frameworks",
				);
				PRODUCT_BUNDLE_IDENTIFIER = LSWarss.Landmarks;
				PRODUCT_NAME = "$(TARGET_NAME)";
				SWIFT_VERSION = 5.0;
				TARGETED_DEVICE_FAMILY = "1,2";
			};
			name = Release;
		};
		E05D10FF258CFFB90079AD44 /* Debug */ = {
			isa = XCBuildConfiguration;
			buildSettings = {
				ALWAYS_EMBED_SWIFT_STANDARD_LIBRARIES = YES;
				BUNDLE_LOADER = "$(TEST_HOST)";
				CODE_SIGN_STYLE = Automatic;
				DEVELOPMENT_TEAM = D6XWMP8YUR;
				INFOPLIST_FILE = LandmarksTests/Info.plist;
				IPHONEOS_DEPLOYMENT_TARGET = 14.0;
				LD_RUNPATH_SEARCH_PATHS = (
					"$(inherited)",
					"@executable_path/Frameworks",
					"@loader_path/Frameworks",
				);
				PRODUCT_BUNDLE_IDENTIFIER = LSWarss.LandmarksTests;
				PRODUCT_NAME = "$(TARGET_NAME)";
				SWIFT_VERSION = 5.0;
				TARGETED_DEVICE_FAMILY = "1,2";
				TEST_HOST = "$(BUILT_PRODUCTS_DIR)/Landmarks.app/Landmarks";
			};
			name = Debug;
		};
		E05D1100258CFFB90079AD44 /* Release */ = {
			isa = XCBuildConfiguration;
			buildSettings = {
				ALWAYS_EMBED_SWIFT_STANDARD_LIBRARIES = YES;
				BUNDLE_LOADER = "$(TEST_HOST)";
				CODE_SIGN_STYLE = Automatic;
				DEVELOPMENT_TEAM = D6XWMP8YUR;
				INFOPLIST_FILE = LandmarksTests/Info.plist;
				IPHONEOS_DEPLOYMENT_TARGET = 14.0;
				LD_RUNPATH_SEARCH_PATHS = (
					"$(inherited)",
					"@executable_path/Frameworks",
					"@loader_path/Frameworks",
				);
				PRODUCT_BUNDLE_IDENTIFIER = LSWarss.LandmarksTests;
				PRODUCT_NAME = "$(TARGET_NAME)";
				SWIFT_VERSION = 5.0;
				TARGETED_DEVICE_FAMILY = "1,2";
				TEST_HOST = "$(BUILT_PRODUCTS_DIR)/Landmarks.app/Landmarks";
			};
			name = Release;
		};
		E05D1102258CFFB90079AD44 /* Debug */ = {
			isa = XCBuildConfiguration;
			buildSettings = {
				ALWAYS_EMBED_SWIFT_STANDARD_LIBRARIES = YES;
				CODE_SIGN_STYLE = Automatic;
				DEVELOPMENT_TEAM = D6XWMP8YUR;
				INFOPLIST_FILE = LandmarksUITests/Info.plist;
				LD_RUNPATH_SEARCH_PATHS = (
					"$(inherited)",
					"@executable_path/Frameworks",
					"@loader_path/Frameworks",
				);
				PRODUCT_BUNDLE_IDENTIFIER = LSWarss.LandmarksUITests;
				PRODUCT_NAME = "$(TARGET_NAME)";
				SWIFT_VERSION = 5.0;
				TARGETED_DEVICE_FAMILY = "1,2";
				TEST_TARGET_NAME = Landmarks;
			};
			name = Debug;
		};
		E05D1103258CFFB90079AD44 /* Release */ = {
			isa = XCBuildConfiguration;
			buildSettings = {
				ALWAYS_EMBED_SWIFT_STANDARD_LIBRARIES = YES;
				CODE_SIGN_STYLE = Automatic;
				DEVELOPMENT_TEAM = D6XWMP8YUR;
				INFOPLIST_FILE = LandmarksUITests/Info.plist;
				LD_RUNPATH_SEARCH_PATHS = (
					"$(inherited)",
					"@executable_path/Frameworks",
					"@loader_path/Frameworks",
				);
				PRODUCT_BUNDLE_IDENTIFIER = LSWarss.LandmarksUITests;
				PRODUCT_NAME = "$(TARGET_NAME)";
				SWIFT_VERSION = 5.0;
				TARGETED_DEVICE_FAMILY = "1,2";
				TEST_TARGET_NAME = Landmarks;
			};
			name = Release;
		};
/* End XCBuildConfiguration section */

/* Begin XCConfigurationList section */
		E05D10D1258CFFB70079AD44 /* Build configuration list for PBXProject "Landmarks" */ = {
			isa = XCConfigurationList;
			buildConfigurations = (
				E05D10F9258CFFB90079AD44 /* Debug */,
				E05D10FA258CFFB90079AD44 /* Release */,
			);
			defaultConfigurationIsVisible = 0;
			defaultConfigurationName = Release;
		};
		E05D10FB258CFFB90079AD44 /* Build configuration list for PBXNativeTarget "Landmarks" */ = {
			isa = XCConfigurationList;
			buildConfigurations = (
				E05D10FC258CFFB90079AD44 /* Debug */,
				E05D10FD258CFFB90079AD44 /* Release */,
			);
			defaultConfigurationIsVisible = 0;
			defaultConfigurationName = Release;
		};
		E05D10FE258CFFB90079AD44 /* Build configuration list for PBXNativeTarget "LandmarksTests" */ = {
			isa = XCConfigurationList;
			buildConfigurations = (
				E05D10FF258CFFB90079AD44 /* Debug */,
				E05D1100258CFFB90079AD44 /* Release */,
			);
			defaultConfigurationIsVisible = 0;
			defaultConfigurationName = Release;
		};
		E05D1101258CFFB90079AD44 /* Build configuration list for PBXNativeTarget "LandmarksUITests" */ = {
			isa = XCConfigurationList;
			buildConfigurations = (
				E05D1102258CFFB90079AD44 /* Debug */,
				E05D1103258CFFB90079AD44 /* Release */,
			);
			defaultConfigurationIsVisible = 0;
			defaultConfigurationName = Release;
		};
/* End XCConfigurationList section */
	};
	rootObject = E05D10CE258CFFB70079AD44 /* Project object */;
}
